// !$*UTF8*$!
{
	archiveVersion = 1;
	classes = {
	};
	objectVersion = 46;
	objects = {

/* Begin PBXBuildFile section */
		79280DAC1C45BED600B16A5E /* AppDelegate.swift in Sources */ = {isa = PBXBuildFile; fileRef = 79280DAB1C45BED600B16A5E /* AppDelegate.swift */; };
		79280DAE1C45BED600B16A5E /* ViewController.swift in Sources */ = {isa = PBXBuildFile; fileRef = 79280DAD1C45BED600B16A5E /* ViewController.swift */; };
		79280DB11C45BED600B16A5E /* Main.storyboard in Resources */ = {isa = PBXBuildFile; fileRef = 79280DAF1C45BED600B16A5E /* Main.storyboard */; };
		79280DB31C45BED600B16A5E /* Assets.xcassets in Resources */ = {isa = PBXBuildFile; fileRef = 79280DB21C45BED600B16A5E /* Assets.xcassets */; };
		79280DB61C45BED600B16A5E /* LaunchScreen.storyboard in Resources */ = {isa = PBXBuildFile; fileRef = 79280DB41C45BED600B16A5E /* LaunchScreen.storyboard */; };
		79280DC11C45BED600B16A5E /* urvipHello_iOSTests.swift in Sources */ = {isa = PBXBuildFile; fileRef = 79280DC01C45BED600B16A5E /* urvipHello_iOSTests.swift */; };
		79280DCC1C45BED600B16A5E /* urvipHello_iOSUITests.swift in Sources */ = {isa = PBXBuildFile; fileRef = 79280DCB1C45BED600B16A5E /* urvipHello_iOSUITests.swift */; };
/* End PBXBuildFile section */

/* Begin PBXContainerItemProxy section */
		79280DBD1C45BED600B16A5E /* PBXContainerItemProxy */ = {
			isa = PBXContainerItemProxy;
			containerPortal = 79280DA01C45BED600B16A5E /* Project object */;
			proxyType = 1;
			remoteGlobalIDString = 79280DA71C45BED600B16A5E;
			remoteInfo = "urvipHello iOS";
		};
		79280DC81C45BED600B16A5E /* PBXContainerItemProxy */ = {
			isa = PBXContainerItemProxy;
			containerPortal = 79280DA01C45BED600B16A5E /* Project object */;
			proxyType = 1;
			remoteGlobalIDString = 79280DA71C45BED600B16A5E;
			remoteInfo = "urvipHello iOS";
		};
/* End PBXContainerItemProxy section */

/* Begin PBXFileReference section */
		79280DA81C45BED600B16A5E /* urvipHello iOS.app */ = {isa = PBXFileReference; explicitFileType = wrapper.application; includeInIndex = 0; path = "urvipHello iOS.app"; sourceTree = BUILT_PRODUCTS_DIR; };
		79280DAB1C45BED600B16A5E /* AppDelegate.swift */ = {isa = PBXFileReference; lastKnownFileType = sourcecode.swift; path = AppDelegate.swift; sourceTree = "<group>"; };
		79280DAD1C45BED600B16A5E /* ViewController.swift */ = {isa = PBXFileReference; lastKnownFileType = sourcecode.swift; path = ViewController.swift; sourceTree = "<group>"; };
		79280DB01C45BED600B16A5E /* Base */ = {isa = PBXFileReference; lastKnownFileType = file.storyboard; name = Base; path = Base.lproj/Main.storyboard; sourceTree = "<group>"; };
		79280DB21C45BED600B16A5E /* Assets.xcassets */ = {isa = PBXFileReference; lastKnownFileType = folder.assetcatalog; path = Assets.xcassets; sourceTree = "<group>"; };
		79280DB51C45BED600B16A5E /* Base */ = {isa = PBXFileReference; lastKnownFileType = file.storyboard; name = Base; path = Base.lproj/LaunchScreen.storyboard; sourceTree = "<group>"; };
		79280DB71C45BED600B16A5E /* Info.plist */ = {isa = PBXFileReference; lastKnownFileType = text.plist.xml; path = Info.plist; sourceTree = "<group>"; };
		79280DBC1C45BED600B16A5E /* urvipHello iOSTests.xctest */ = {isa = PBXFileReference; explicitFileType = wrapper.cfbundle; includeInIndex = 0; path = "urvipHello iOSTests.xctest"; sourceTree = BUILT_PRODUCTS_DIR; };
		79280DC01C45BED600B16A5E /* urvipHello_iOSTests.swift */ = {isa = PBXFileReference; lastKnownFileType = sourcecode.swift; path = urvipHello_iOSTests.swift; sourceTree = "<group>"; };
		79280DC21C45BED600B16A5E /* Info.plist */ = {isa = PBXFileReference; lastKnownFileType = text.plist.xml; path = Info.plist; sourceTree = "<group>"; };
		79280DC71C45BED600B16A5E /* urvipHello iOSUITests.xctest */ = {isa = PBXFileReference; explicitFileType = wrapper.cfbundle; includeInIndex = 0; path = "urvipHello iOSUITests.xctest"; sourceTree = BUILT_PRODUCTS_DIR; };
		79280DCB1C45BED600B16A5E /* urvipHello_iOSUITests.swift */ = {isa = PBXFileReference; lastKnownFileType = sourcecode.swift; path = urvipHello_iOSUITests.swift; sourceTree = "<group>"; };
		79280DCD1C45BED600B16A5E /* Info.plist */ = {isa = PBXFileReference; lastKnownFileType = text.plist.xml; path = Info.plist; sourceTree = "<group>"; };
/* End PBXFileReference section */

/* Begin PBXFrameworksBuildPhase section */
		79280DA51C45BED600B16A5E /* Frameworks */ = {
			isa = PBXFrameworksBuildPhase;
			buildActionMask = 2147483647;
			files = (
			);
			runOnlyForDeploymentPostprocessing = 0;
		};
		79280DB91C45BED600B16A5E /* Frameworks */ = {
			isa = PBXFrameworksBuildPhase;
			buildActionMask = 2147483647;
			files = (
			);
			runOnlyForDeploymentPostprocessing = 0;
		};
		79280DC41C45BED600B16A5E /* Frameworks */ = {
			isa = PBXFrameworksBuildPhase;
			buildActionMask = 2147483647;
			files = (
			);
			runOnlyForDeploymentPostprocessing = 0;
		};
/* End PBXFrameworksBuildPhase section */

/* Begin PBXGroup section */
		79280D9F1C45BED600B16A5E = {
			isa = PBXGroup;
			children = (
				79280DAA1C45BED600B16A5E /* urvipHello iOS */,
				79280DBF1C45BED600B16A5E /* urvipHello iOSTests */,
				79280DCA1C45BED600B16A5E /* urvipHello iOSUITests */,
				79280DA91C45BED600B16A5E /* Products */,
			);
			sourceTree = "<group>";
		};
		79280DA91C45BED600B16A5E /* Products */ = {
			isa = PBXGroup;
			children = (
				79280DA81C45BED600B16A5E /* urvipHello iOS.app */,
				79280DBC1C45BED600B16A5E /* urvipHello iOSTests.xctest */,
				79280DC71C45BED600B16A5E /* urvipHello iOSUITests.xctest */,
			);
			name = Products;
			sourceTree = "<group>";
		};
		79280DAA1C45BED600B16A5E /* urvipHello iOS */ = {
			isa = PBXGroup;
			children = (
				79280DAB1C45BED600B16A5E /* AppDelegate.swift */,
				79280DAD1C45BED600B16A5E /* ViewController.swift */,
				79280DAF1C45BED600B16A5E /* Main.storyboard */,
				79280DB21C45BED600B16A5E /* Assets.xcassets */,
				79280DB41C45BED600B16A5E /* LaunchScreen.storyboard */,
				79280DB71C45BED600B16A5E /* Info.plist */,
			);
			path = "urvipHello iOS";
			sourceTree = "<group>";
		};
		79280DBF1C45BED600B16A5E /* urvipHello iOSTests */ = {
			isa = PBXGroup;
			children = (
				79280DC01C45BED600B16A5E /* urvipHello_iOSTests.swift */,
				79280DC21C45BED600B16A5E /* Info.plist */,
			);
			path = "urvipHello iOSTests";
			sourceTree = "<group>";
		};
		79280DCA1C45BED600B16A5E /* urvipHello iOSUITests */ = {
			isa = PBXGroup;
			children = (
				79280DCB1C45BED600B16A5E /* urvipHello_iOSUITests.swift */,
				79280DCD1C45BED600B16A5E /* Info.plist */,
			);
			path = "urvipHello iOSUITests";
			sourceTree = "<group>";
		};
/* End PBXGroup section */

/* Begin PBXNativeTarget section */
		79280DA71C45BED600B16A5E /* urvipHello iOS */ = {
			isa = PBXNativeTarget;
			buildConfigurationList = 79280DD01C45BED600B16A5E /* Build configuration list for PBXNativeTarget "urvipHello iOS" */;
			buildPhases = (
				79280DA41C45BED600B16A5E /* Sources */,
				79280DA51C45BED600B16A5E /* Frameworks */,
				79280DA61C45BED600B16A5E /* Resources */,
			);
			buildRules = (
			);
			dependencies = (
			);
			name = "urvipHello iOS";
			productName = "urvipHello iOS";
			productReference = 79280DA81C45BED600B16A5E /* urvipHello iOS.app */;
			productType = "com.apple.product-type.application";
		};
		79280DBB1C45BED600B16A5E /* urvipHello iOSTests */ = {
			isa = PBXNativeTarget;
			buildConfigurationList = 79280DD31C45BED600B16A5E /* Build configuration list for PBXNativeTarget "urvipHello iOSTests" */;
			buildPhases = (
				79280DB81C45BED600B16A5E /* Sources */,
				79280DB91C45BED600B16A5E /* Frameworks */,
				79280DBA1C45BED600B16A5E /* Resources */,
			);
			buildRules = (
			);
			dependencies = (
				79280DBE1C45BED600B16A5E /* PBXTargetDependency */,
			);
			name = "urvipHello iOSTests";
			productName = "urvipHello iOSTests";
			productReference = 79280DBC1C45BED600B16A5E /* urvipHello iOSTests.xctest */;
			productType = "com.apple.product-type.bundle.unit-test";
		};
		79280DC61C45BED600B16A5E /* urvipHello iOSUITests */ = {
			isa = PBXNativeTarget;
			buildConfigurationList = 79280DD61C45BED600B16A5E /* Build configuration list for PBXNativeTarget "urvipHello iOSUITests" */;
			buildPhases = (
				79280DC31C45BED600B16A5E /* Sources */,
				79280DC41C45BED600B16A5E /* Frameworks */,
				79280DC51C45BED600B16A5E /* Resources */,
			);
			buildRules = (
			);
			dependencies = (
				79280DC91C45BED600B16A5E /* PBXTargetDependency */,
			);
			name = "urvipHello iOSUITests";
			productName = "urvipHello iOSUITests";
			productReference = 79280DC71C45BED600B16A5E /* urvipHello iOSUITests.xctest */;
			productType = "com.apple.product-type.bundle.ui-testing";
		};
/* End PBXNativeTarget section */

/* Begin PBXProject section */
		79280DA01C45BED600B16A5E /* Project object */ = {
			isa = PBXProject;
			attributes = {
				LastSwiftUpdateCheck = 0720;
				LastUpgradeCheck = 0720;
				ORGANIZATIONNAME = "Urvi Patel";
				TargetAttributes = {
					79280DA71C45BED600B16A5E = {
						CreatedOnToolsVersion = 7.2;
					};
					79280DBB1C45BED600B16A5E = {
						CreatedOnToolsVersion = 7.2;
						TestTargetID = 79280DA71C45BED600B16A5E;
					};
					79280DC61C45BED600B16A5E = {
						CreatedOnToolsVersion = 7.2;
						TestTargetID = 79280DA71C45BED600B16A5E;
					};
				};
			};
			buildConfigurationList = 79280DA31C45BED600B16A5E /* Build configuration list for PBXProject "urvipHello iOS" */;
			compatibilityVersion = "Xcode 3.2";
			developmentRegion = English;
			hasScannedForEncodings = 0;
			knownRegions = (
				en,
				Base,
			);
			mainGroup = 79280D9F1C45BED600B16A5E;
			productRefGroup = 79280DA91C45BED600B16A5E /* Products */;
			projectDirPath = "";
			projectRoot = "";
			targets = (
				79280DA71C45BED600B16A5E /* urvipHello iOS */,
				79280DBB1C45BED600B16A5E /* urvipHello iOSTests */,
				79280DC61C45BED600B16A5E /* urvipHello iOSUITests */,
			);
		};
/* End PBXProject section */

/* Begin PBXResourcesBuildPhase section */
		79280DA61C45BED600B16A5E /* Resources */ = {
			isa = PBXResourcesBuildPhase;
			buildActionMask = 2147483647;
			files = (
				79280DB61C45BED600B16A5E /* LaunchScreen.storyboard in Resources */,
				79280DB31C45BED600B16A5E /* Assets.xcassets in Resources */,
				79280DB11C45BED600B16A5E /* Main.storyboard in Resources */,
			);
			runOnlyForDeploymentPostprocessing = 0;
		};
		79280DBA1C45BED600B16A5E /* Resources */ = {
			isa = PBXResourcesBuildPhase;
			buildActionMask = 2147483647;
			files = (
			);
			runOnlyForDeploymentPostprocessing = 0;
		};
		79280DC51C45BED600B16A5E /* Resources */ = {
			isa = PBXResourcesBuildPhase;
			buildActionMask = 2147483647;
			files = (
			);
			runOnlyForDeploymentPostprocessing = 0;
		};
/* End PBXResourcesBuildPhase section */

/* Begin PBXSourcesBuildPhase section */
		79280DA41C45BED600B16A5E /* Sources */ = {
			isa = PBXSourcesBuildPhase;
			buildActionMask = 2147483647;
			files = (
				79280DAE1C45BED600B16A5E /* ViewController.swift in Sources */,
				79280DAC1C45BED600B16A5E /* AppDelegate.swift in Sources */,
			);
			runOnlyForDeploymentPostprocessing = 0;
		};
		79280DB81C45BED600B16A5E /* Sources */ = {
			isa = PBXSourcesBuildPhase;
			buildActionMask = 2147483647;
			files = (
				79280DC11C45BED600B16A5E /* urvipHello_iOSTests.swift in Sources */,
			);
			runOnlyForDeploymentPostprocessing = 0;
		};
		79280DC31C45BED600B16A5E /* Sources */ = {
			isa = PBXSourcesBuildPhase;
			buildActionMask = 2147483647;
			files = (
				79280DCC1C45BED600B16A5E /* urvipHello_iOSUITests.swift in Sources */,
			);
			runOnlyForDeploymentPostprocessing = 0;
		};
/* End PBXSourcesBuildPhase section */

/* Begin PBXTargetDependency section */
		79280DBE1C45BED600B16A5E /* PBXTargetDependency */ = {
			isa = PBXTargetDependency;
			target = 79280DA71C45BED600B16A5E /* urvipHello iOS */;
			targetProxy = 79280DBD1C45BED600B16A5E /* PBXContainerItemProxy */;
		};
		79280DC91C45BED600B16A5E /* PBXTargetDependency */ = {
			isa = PBXTargetDependency;
			target = 79280DA71C45BED600B16A5E /* urvipHello iOS */;
			targetProxy = 79280DC81C45BED600B16A5E /* PBXContainerItemProxy */;
		};
/* End PBXTargetDependency section */

/* Begin PBXVariantGroup section */
		79280DAF1C45BED600B16A5E /* Main.storyboard */ = {
			isa = PBXVariantGroup;
			children = (
				79280DB01C45BED600B16A5E /* Base */,
			);
			name = Main.storyboard;
			sourceTree = "<group>";
		};
		79280DB41C45BED600B16A5E /* LaunchScreen.storyboard */ = {
			isa = PBXVariantGroup;
			children = (
				79280DB51C45BED600B16A5E /* Base */,
			);
			name = LaunchScreen.storyboard;
			sourceTree = "<group>";
		};
/* End PBXVariantGroup section */

/* Begin XCBuildConfiguration section */
		79280DCE1C45BED600B16A5E /* Debug */ = {
			isa = XCBuildConfiguration;
			buildSettings = {
				ALWAYS_SEARCH_USER_PATHS = NO;
				CLANG_CXX_LANGUAGE_STANDARD = "gnu++0x";
				CLANG_CXX_LIBRARY = "libc++";
				CLANG_ENABLE_MODULES = YES;
				CLANG_ENABLE_OBJC_ARC = YES;
				CLANG_WARN_BOOL_CONVERSION = YES;
				CLANG_WARN_CONSTANT_CONVERSION = YES;
				CLANG_WARN_DIRECT_OBJC_ISA_USAGE = YES_ERROR;
				CLANG_WARN_EMPTY_BODY = YES;
				CLANG_WARN_ENUM_CONVERSION = YES;
				CLANG_WARN_INT_CONVERSION = YES;
				CLANG_WARN_OBJC_ROOT_CLASS = YES_ERROR;
				CLANG_WARN_UNREACHABLE_CODE = YES;
				CLANG_WARN__DUPLICATE_METHOD_MATCH = YES;
				"CODE_SIGN_IDENTITY[sdk=iphoneos*]" = "iPhone Developer";
				COPY_PHASE_STRIP = NO;
				DEBUG_INFORMATION_FORMAT = dwarf;
				ENABLE_STRICT_OBJC_MSGSEND = YES;
				ENABLE_TESTABILITY = YES;
				GCC_C_LANGUAGE_STANDARD = gnu99;
				GCC_DYNAMIC_NO_PIC = NO;
				GCC_NO_COMMON_BLOCKS = YES;
				GCC_OPTIMIZATION_LEVEL = 0;
				GCC_PREPROCESSOR_DEFINITIONS = (
					"DEBUG=1",
					"$(inherited)",
				);
				GCC_WARN_64_TO_32_BIT_CONVERSION = YES;
				GCC_WARN_ABOUT_RETURN_TYPE = YES_ERROR;
				GCC_WARN_UNDECLARED_SELECTOR = YES;
				GCC_WARN_UNINITIALIZED_AUTOS = YES_AGGRESSIVE;
				GCC_WARN_UNUSED_FUNCTION = YES;
				GCC_WARN_UNUSED_VARIABLE = YES;
				IPHONEOS_DEPLOYMENT_TARGET = 9.2;
				MTL_ENABLE_DEBUG_INFO = YES;
				ONLY_ACTIVE_ARCH = YES;
				SDKROOT = iphoneos;
				SWIFT_OPTIMIZATION_LEVEL = "-Onone";
			};
			name = Debug;
		};
		79280DCF1C45BED600B16A5E /* Release */ = {
			isa = XCBuildConfiguration;
			buildSettings = {
				ALWAYS_SEARCH_USER_PATHS = NO;
				CLANG_CXX_LANGUAGE_STANDARD = "gnu++0x";
				CLANG_CXX_LIBRARY = "libc++";
				CLANG_ENABLE_MODULES = YES;
				CLANG_ENABLE_OBJC_ARC = YES;
				CLANG_WARN_BOOL_CONVERSION = YES;
				CLANG_WARN_CONSTANT_CONVERSION = YES;
				CLANG_WARN_DIRECT_OBJC_ISA_USAGE = YES_ERROR;
				CLANG_WARN_EMPTY_BODY = YES;
				CLANG_WARN_ENUM_CONVERSION = YES;
				CLANG_WARN_INT_CONVERSION = YES;
				CLANG_WARN_OBJC_ROOT_CLASS = YES_ERROR;
				CLANG_WARN_UNREACHABLE_CODE = YES;
				CLANG_WARN__DUPLICATE_METHOD_MATCH = YES;
				"CODE_SIGN_IDENTITY[sdk=iphoneos*]" = "iPhone Developer";
				COPY_PHASE_STRIP = NO;
				DEBUG_INFORMATION_FORMAT = "dwarf-with-dsym";
				ENABLE_NS_ASSERTIONS = NO;
				ENABLE_STRICT_OBJC_MSGSEND = YES;
				GCC_C_LANGUAGE_STANDARD = gnu99;
				GCC_NO_COMMON_BLOCKS = YES;
				GCC_WARN_64_TO_32_BIT_CONVERSION = YES;
				GCC_WARN_ABOUT_RETURN_TYPE = YES_ERROR;
				GCC_WARN_UNDECLARED_SELECTOR = YES;
				GCC_WARN_UNINITIALIZED_AUTOS = YES_AGGRESSIVE;
				GCC_WARN_UNUSED_FUNCTION = YES;
				GCC_WARN_UNUSED_VARIABLE = YES;
				IPHONEOS_DEPLOYMENT_TARGET = 9.2;
				MTL_ENABLE_DEBUG_INFO = NO;
				SDKROOT = iphoneos;
				VALIDATE_PRODUCT = YES;
			};
			name = Release;
		};
		79280DD11C45BED600B16A5E /* Debug */ = {
			isa = XCBuildConfiguration;
			buildSettings = {
				ASSETCATALOG_COMPILER_APPICON_NAME = AppIcon;
				INFOPLIST_FILE = "urvipHello iOS/Info.plist";
				LD_RUNPATH_SEARCH_PATHS = "$(inherited) @executable_path/Frameworks";
				PRODUCT_BUNDLE_IDENTIFIER = "edu.depaul.csc471.urvipHello-iOS";
				PRODUCT_NAME = "$(TARGET_NAME)";
			};
			name = Debug;
		};
		79280DD21C45BED600B16A5E /* Release */ = {
			isa = XCBuildConfiguration;
			buildSettings = {
				ASSETCATALOG_COMPILER_APPICON_NAME = AppIcon;
				INFOPLIST_FILE = "urvipHello iOS/Info.plist";
				LD_RUNPATH_SEARCH_PATHS = "$(inherited) @executable_path/Frameworks";
				PRODUCT_BUNDLE_IDENTIFIER = "edu.depaul.csc471.urvipHello-iOS";
				PRODUCT_NAME = "$(TARGET_NAME)";
			};
			name = Release;
		};
		79280DD41C45BED600B16A5E /* Debug */ = {
			isa = XCBuildConfiguration;
			buildSettings = {
				BUNDLE_LOADER = "$(TEST_HOST)";
				INFOPLIST_FILE = "urvipHello iOSTests/Info.plist";
				LD_RUNPATH_SEARCH_PATHS = "$(inherited) @executable_path/Frameworks @loader_path/Frameworks";
				PRODUCT_BUNDLE_IDENTIFIER = "edu.depaul.csc471.urvipHello-iOSTests";
				PRODUCT_NAME = "$(TARGET_NAME)";
				TEST_HOST = "$(BUILT_PRODUCTS_DIR)/urvipHello iOS.app/urvipHello iOS";
			};
			name = Debug;
		};
		79280DD51C45BED600B16A5E /* Release */ = {
			isa = XCBuildConfiguration;
			buildSettings = {
				BUNDLE_LOADER = "$(TEST_HOST)";
				INFOPLIST_FILE = "urvipHello iOSTests/Info.plist";
				LD_RUNPATH_SEARCH_PATHS = "$(inherited) @executable_path/Frameworks @loader_path/Frameworks";
				PRODUCT_BUNDLE_IDENTIFIER = "edu.depaul.csc471.urvipHello-iOSTests";
				PRODUCT_NAME = "$(TARGET_NAME)";
				TEST_HOST = "$(BUILT_PRODUCTS_DIR)/urvipHello iOS.app/urvipHello iOS";
			};
			name = Release;
		};
		79280DD71C45BED600B16A5E /* Debug */ = {
			isa = XCBuildConfiguration;
			buildSettings = {
				INFOPLIST_FILE = "urvipHello iOSUITests/Info.plist";
				LD_RUNPATH_SEARCH_PATHS = "$(inherited) @executable_path/Frameworks @loader_path/Frameworks";
				PRODUCT_BUNDLE_IDENTIFIER = "edu.depaul.csc471.urvipHello-iOSUITests";
				PRODUCT_NAME = "$(TARGET_NAME)";
				TEST_TARGET_NAME = "urvipHello iOS";
				USES_XCTRUNNER = YES;
			};
			name = Debug;
		};
		79280DD81C45BED600B16A5E /* Release */ = {
			isa = XCBuildConfiguration;
			buildSettings = {
				INFOPLIST_FILE = "urvipHello iOSUITests/Info.plist";
				LD_RUNPATH_SEARCH_PATHS = "$(inherited) @executable_path/Frameworks @loader_path/Frameworks";
				PRODUCT_BUNDLE_IDENTIFIER = "edu.depaul.csc471.urvipHello-iOSUITests";
				PRODUCT_NAME = "$(TARGET_NAME)";
				TEST_TARGET_NAME = "urvipHello iOS";
				USES_XCTRUNNER = YES;
			};
			name = Release;
		};
/* End XCBuildConfiguration section */

/* Begin XCConfigurationList section */
		79280DA31C45BED600B16A5E /* Build configuration list for PBXProject "urvipHello iOS" */ = {
			isa = XCConfigurationList;
			buildConfigurations = (
				79280DCE1C45BED600B16A5E /* Debug */,
				79280DCF1C45BED600B16A5E /* Release */,
			);
			defaultConfigurationIsVisible = 0;
			defaultConfigurationName = Release;
		};
		79280DD01C45BED600B16A5E /* Build configuration list for PBXNativeTarget "urvipHello iOS" */ = {
			isa = XCConfigurationList;
			buildConfigurations = (
				79280DD11C45BED600B16A5E /* Debug */,
				79280DD21C45BED600B16A5E /* Release */,
			);
			defaultConfigurationIsVisible = 0;
		};
		79280DD31C45BED600B16A5E /* Build configuration list for PBXNativeTarget "urvipHello iOSTests" */ = {
			isa = XCConfigurationList;
			buildConfigurations = (
				79280DD41C45BED600B16A5E /* Debug */,
				79280DD51C45BED600B16A5E /* Release */,
			);
			defaultConfigurationIsVisible = 0;
		};
		79280DD61C45BED600B16A5E /* Build configuration list for PBXNativeTarget "urvipHello iOSUITests" */ = {
			isa = XCConfigurationList;
			buildConfigurations = (
				79280DD71C45BED600B16A5E /* Debug */,
				79280DD81C45BED600B16A5E /* Release */,
			);
			defaultConfigurationIsVisible = 0;
		};
/* End XCConfigurationList section */
	};
	rootObject = 79280DA01C45BED600B16A5E /* Project object */;
}
