// !$*UTF8*$!
{
	archiveVersion = 1;
	classes = {
	};
	objectVersion = 46;
	objects = {

/* Begin PBXBuildFile section */
		797E92241C545BAC0004602C /* AppDelegate.swift in Sources */ = {isa = PBXBuildFile; fileRef = 797E92231C545BAC0004602C /* AppDelegate.swift */; };
		797E92261C545BAC0004602C /* ViewController.swift in Sources */ = {isa = PBXBuildFile; fileRef = 797E92251C545BAC0004602C /* ViewController.swift */; };
		797E92291C545BAC0004602C /* Main.storyboard in Resources */ = {isa = PBXBuildFile; fileRef = 797E92271C545BAC0004602C /* Main.storyboard */; };
		797E922B1C545BAC0004602C /* Assets.xcassets in Resources */ = {isa = PBXBuildFile; fileRef = 797E922A1C545BAC0004602C /* Assets.xcassets */; };
		797E922E1C545BAC0004602C /* LaunchScreen.storyboard in Resources */ = {isa = PBXBuildFile; fileRef = 797E922C1C545BAC0004602C /* LaunchScreen.storyboard */; };
		797E92391C545BAC0004602C /* pateluCalculatorTests.swift in Sources */ = {isa = PBXBuildFile; fileRef = 797E92381C545BAC0004602C /* pateluCalculatorTests.swift */; };
		797E92441C545BAC0004602C /* pateluCalculatorUITests.swift in Sources */ = {isa = PBXBuildFile; fileRef = 797E92431C545BAC0004602C /* pateluCalculatorUITests.swift */; };
/* End PBXBuildFile section */

/* Begin PBXContainerItemProxy section */
		797E92351C545BAC0004602C /* PBXContainerItemProxy */ = {
			isa = PBXContainerItemProxy;
			containerPortal = 797E92181C545BAC0004602C /* Project object */;
			proxyType = 1;
			remoteGlobalIDString = 797E921F1C545BAC0004602C;
			remoteInfo = pateluCalculator;
		};
		797E92401C545BAC0004602C /* PBXContainerItemProxy */ = {
			isa = PBXContainerItemProxy;
			containerPortal = 797E92181C545BAC0004602C /* Project object */;
			proxyType = 1;
			remoteGlobalIDString = 797E921F1C545BAC0004602C;
			remoteInfo = pateluCalculator;
		};
/* End PBXContainerItemProxy section */

/* Begin PBXFileReference section */
		797E92201C545BAC0004602C /* pateluCalculator.app */ = {isa = PBXFileReference; explicitFileType = wrapper.application; includeInIndex = 0; path = pateluCalculator.app; sourceTree = BUILT_PRODUCTS_DIR; };
		797E92231C545BAC0004602C /* AppDelegate.swift */ = {isa = PBXFileReference; lastKnownFileType = sourcecode.swift; path = AppDelegate.swift; sourceTree = "<group>"; };
		797E92251C545BAC0004602C /* ViewController.swift */ = {isa = PBXFileReference; lastKnownFileType = sourcecode.swift; path = ViewController.swift; sourceTree = "<group>"; };
		797E92281C545BAC0004602C /* Base */ = {isa = PBXFileReference; lastKnownFileType = file.storyboard; name = Base; path = Base.lproj/Main.storyboard; sourceTree = "<group>"; };
		797E922A1C545BAC0004602C /* Assets.xcassets */ = {isa = PBXFileReference; lastKnownFileType = folder.assetcatalog; path = Assets.xcassets; sourceTree = "<group>"; };
		797E922D1C545BAC0004602C /* Base */ = {isa = PBXFileReference; lastKnownFileType = file.storyboard; name = Base; path = Base.lproj/LaunchScreen.storyboard; sourceTree = "<group>"; };
		797E922F1C545BAC0004602C /* Info.plist */ = {isa = PBXFileReference; lastKnownFileType = text.plist.xml; path = Info.plist; sourceTree = "<group>"; };
		797E92341C545BAC0004602C /* pateluCalculatorTests.xctest */ = {isa = PBXFileReference; explicitFileType = wrapper.cfbundle; includeInIndex = 0; path = pateluCalculatorTests.xctest; sourceTree = BUILT_PRODUCTS_DIR; };
		797E92381C545BAC0004602C /* pateluCalculatorTests.swift */ = {isa = PBXFileReference; lastKnownFileType = sourcecode.swift; path = pateluCalculatorTests.swift; sourceTree = "<group>"; };
		797E923A1C545BAC0004602C /* Info.plist */ = {isa = PBXFileReference; lastKnownFileType = text.plist.xml; path = Info.plist; sourceTree = "<group>"; };
		797E923F1C545BAC0004602C /* pateluCalculatorUITests.xctest */ = {isa = PBXFileReference; explicitFileType = wrapper.cfbundle; includeInIndex = 0; path = pateluCalculatorUITests.xctest; sourceTree = BUILT_PRODUCTS_DIR; };
		797E92431C545BAC0004602C /* pateluCalculatorUITests.swift */ = {isa = PBXFileReference; lastKnownFileType = sourcecode.swift; path = pateluCalculatorUITests.swift; sourceTree = "<group>"; };
		797E92451C545BAC0004602C /* Info.plist */ = {isa = PBXFileReference; lastKnownFileType = text.plist.xml; path = Info.plist; sourceTree = "<group>"; };
/* End PBXFileReference section */

/* Begin PBXFrameworksBuildPhase section */
		797E921D1C545BAC0004602C /* Frameworks */ = {
			isa = PBXFrameworksBuildPhase;
			buildActionMask = 2147483647;
			files = (
			);
			runOnlyForDeploymentPostprocessing = 0;
		};
		797E92311C545BAC0004602C /* Frameworks */ = {
			isa = PBXFrameworksBuildPhase;
			buildActionMask = 2147483647;
			files = (
			);
			runOnlyForDeploymentPostprocessing = 0;
		};
		797E923C1C545BAC0004602C /* Frameworks */ = {
			isa = PBXFrameworksBuildPhase;
			buildActionMask = 2147483647;
			files = (
			);
			runOnlyForDeploymentPostprocessing = 0;
		};
/* End PBXFrameworksBuildPhase section */

/* Begin PBXGroup section */
		797E92171C545BAC0004602C = {
			isa = PBXGroup;
			children = (
				797E92221C545BAC0004602C /* pateluCalculator */,
				797E92371C545BAC0004602C /* pateluCalculatorTests */,
				797E92421C545BAC0004602C /* pateluCalculatorUITests */,
				797E92211C545BAC0004602C /* Products */,
			);
			sourceTree = "<group>";
		};
		797E92211C545BAC0004602C /* Products */ = {
			isa = PBXGroup;
			children = (
				797E92201C545BAC0004602C /* pateluCalculator.app */,
				797E92341C545BAC0004602C /* pateluCalculatorTests.xctest */,
				797E923F1C545BAC0004602C /* pateluCalculatorUITests.xctest */,
			);
			name = Products;
			sourceTree = "<group>";
		};
		797E92221C545BAC0004602C /* pateluCalculator */ = {
			isa = PBXGroup;
			children = (
				797E92231C545BAC0004602C /* AppDelegate.swift */,
				797E92251C545BAC0004602C /* ViewController.swift */,
				797E92271C545BAC0004602C /* Main.storyboard */,
				797E922A1C545BAC0004602C /* Assets.xcassets */,
				797E922C1C545BAC0004602C /* LaunchScreen.storyboard */,
				797E922F1C545BAC0004602C /* Info.plist */,
			);
			path = pateluCalculator;
			sourceTree = "<group>";
		};
		797E92371C545BAC0004602C /* pateluCalculatorTests */ = {
			isa = PBXGroup;
			children = (
				797E92381C545BAC0004602C /* pateluCalculatorTests.swift */,
				797E923A1C545BAC0004602C /* Info.plist */,
			);
			path = pateluCalculatorTests;
			sourceTree = "<group>";
		};
		797E92421C545BAC0004602C /* pateluCalculatorUITests */ = {
			isa = PBXGroup;
			children = (
				797E92431C545BAC0004602C /* pateluCalculatorUITests.swift */,
				797E92451C545BAC0004602C /* Info.plist */,
			);
			path = pateluCalculatorUITests;
			sourceTree = "<group>";
		};
/* End PBXGroup section */

/* Begin PBXNativeTarget section */
		797E921F1C545BAC0004602C /* pateluCalculator */ = {
			isa = PBXNativeTarget;
			buildConfigurationList = 797E92481C545BAC0004602C /* Build configuration list for PBXNativeTarget "pateluCalculator" */;
			buildPhases = (
				797E921C1C545BAC0004602C /* Sources */,
				797E921D1C545BAC0004602C /* Frameworks */,
				797E921E1C545BAC0004602C /* Resources */,
			);
			buildRules = (
			);
			dependencies = (
			);
			name = pateluCalculator;
			productName = pateluCalculator;
			productReference = 797E92201C545BAC0004602C /* pateluCalculator.app */;
			productType = "com.apple.product-type.application";
		};
		797E92331C545BAC0004602C /* pateluCalculatorTests */ = {
			isa = PBXNativeTarget;
			buildConfigurationList = 797E924B1C545BAC0004602C /* Build configuration list for PBXNativeTarget "pateluCalculatorTests" */;
			buildPhases = (
				797E92301C545BAC0004602C /* Sources */,
				797E92311C545BAC0004602C /* Frameworks */,
				797E92321C545BAC0004602C /* Resources */,
			);
			buildRules = (
			);
			dependencies = (
				797E92361C545BAC0004602C /* PBXTargetDependency */,
			);
			name = pateluCalculatorTests;
			productName = pateluCalculatorTests;
			productReference = 797E92341C545BAC0004602C /* pateluCalculatorTests.xctest */;
			productType = "com.apple.product-type.bundle.unit-test";
		};
		797E923E1C545BAC0004602C /* pateluCalculatorUITests */ = {
			isa = PBXNativeTarget;
			buildConfigurationList = 797E924E1C545BAC0004602C /* Build configuration list for PBXNativeTarget "pateluCalculatorUITests" */;
			buildPhases = (
				797E923B1C545BAC0004602C /* Sources */,
				797E923C1C545BAC0004602C /* Frameworks */,
				797E923D1C545BAC0004602C /* Resources */,
			);
			buildRules = (
			);
			dependencies = (
				797E92411C545BAC0004602C /* PBXTargetDependency */,
			);
			name = pateluCalculatorUITests;
			productName = pateluCalculatorUITests;
			productReference = 797E923F1C545BAC0004602C /* pateluCalculatorUITests.xctest */;
			productType = "com.apple.product-type.bundle.ui-testing";
		};
/* End PBXNativeTarget section */

/* Begin PBXProject section */
		797E92181C545BAC0004602C /* Project object */ = {
			isa = PBXProject;
			attributes = {
				LastSwiftUpdateCheck = 0720;
				LastUpgradeCheck = 0720;
				ORGANIZATIONNAME = "Urvi Patel";
				TargetAttributes = {
					797E921F1C545BAC0004602C = {
						CreatedOnToolsVersion = 7.2;
					};
					797E92331C545BAC0004602C = {
						CreatedOnToolsVersion = 7.2;
						TestTargetID = 797E921F1C545BAC0004602C;
					};
					797E923E1C545BAC0004602C = {
						CreatedOnToolsVersion = 7.2;
						TestTargetID = 797E921F1C545BAC0004602C;
					};
				};
			};
			buildConfigurationList = 797E921B1C545BAC0004602C /* Build configuration list for PBXProject "pateluCalculator" */;
			compatibilityVersion = "Xcode 3.2";
			developmentRegion = English;
			hasScannedForEncodings = 0;
			knownRegions = (
				en,
				Base,
			);
			mainGroup = 797E92171C545BAC0004602C;
			productRefGroup = 797E92211C545BAC0004602C /* Products */;
			projectDirPath = "";
			projectRoot = "";
			targets = (
				797E921F1C545BAC0004602C /* pateluCalculator */,
				797E92331C545BAC0004602C /* pateluCalculatorTests */,
				797E923E1C545BAC0004602C /* pateluCalculatorUITests */,
			);
		};
/* End PBXProject section */

/* Begin PBXResourcesBuildPhase section */
		797E921E1C545BAC0004602C /* Resources */ = {
			isa = PBXResourcesBuildPhase;
			buildActionMask = 2147483647;
			files = (
				797E922E1C545BAC0004602C /* LaunchScreen.storyboard in Resources */,
				797E922B1C545BAC0004602C /* Assets.xcassets in Resources */,
				797E92291C545BAC0004602C /* Main.storyboard in Resources */,
			);
			runOnlyForDeploymentPostprocessing = 0;
		};
		797E92321C545BAC0004602C /* Resources */ = {
			isa = PBXResourcesBuildPhase;
			buildActionMask = 2147483647;
			files = (
			);
			runOnlyForDeploymentPostprocessing = 0;
		};
		797E923D1C545BAC0004602C /* Resources */ = {
			isa = PBXResourcesBuildPhase;
			buildActionMask = 2147483647;
			files = (
			);
			runOnlyForDeploymentPostprocessing = 0;
		};
/* End PBXResourcesBuildPhase section */

/* Begin PBXSourcesBuildPhase section */
		797E921C1C545BAC0004602C /* Sources */ = {
			isa = PBXSourcesBuildPhase;
			buildActionMask = 2147483647;
			files = (
				797E92261C545BAC0004602C /* ViewController.swift in Sources */,
				797E92241C545BAC0004602C /* AppDelegate.swift in Sources */,
			);
			runOnlyForDeploymentPostprocessing = 0;
		};
		797E92301C545BAC0004602C /* Sources */ = {
			isa = PBXSourcesBuildPhase;
			buildActionMask = 2147483647;
			files = (
				797E92391C545BAC0004602C /* pateluCalculatorTests.swift in Sources */,
			);
			runOnlyForDeploymentPostprocessing = 0;
		};
		797E923B1C545BAC0004602C /* Sources */ = {
			isa = PBXSourcesBuildPhase;
			buildActionMask = 2147483647;
			files = (
				797E92441C545BAC0004602C /* pateluCalculatorUITests.swift in Sources */,
			);
			runOnlyForDeploymentPostprocessing = 0;
		};
/* End PBXSourcesBuildPhase section */

/* Begin PBXTargetDependency section */
		797E92361C545BAC0004602C /* PBXTargetDependency */ = {
			isa = PBXTargetDependency;
			target = 797E921F1C545BAC0004602C /* pateluCalculator */;
			targetProxy = 797E92351C545BAC0004602C /* PBXContainerItemProxy */;
		};
		797E92411C545BAC0004602C /* PBXTargetDependency */ = {
			isa = PBXTargetDependency;
			target = 797E921F1C545BAC0004602C /* pateluCalculator */;
			targetProxy = 797E92401C545BAC0004602C /* PBXContainerItemProxy */;
		};
/* End PBXTargetDependency section */

/* Begin PBXVariantGroup section */
		797E92271C545BAC0004602C /* Main.storyboard */ = {
			isa = PBXVariantGroup;
			children = (
				797E92281C545BAC0004602C /* Base */,
			);
			name = Main.storyboard;
			sourceTree = "<group>";
		};
		797E922C1C545BAC0004602C /* LaunchScreen.storyboard */ = {
			isa = PBXVariantGroup;
			children = (
				797E922D1C545BAC0004602C /* Base */,
			);
			name = LaunchScreen.storyboard;
			sourceTree = "<group>";
		};
/* End PBXVariantGroup section */

/* Begin XCBuildConfiguration section */
		797E92461C545BAC0004602C /* Debug */ = {
			isa = XCBuildConfiguration;
			buildSettings = {
				ALWAYS_SEARCH_USER_PATHS = NO;
				CLANG_CXX_LANGUAGE_STANDARD = "gnu++0x";
				CLANG_CXX_LIBRARY = "libc++";
				CLANG_ENABLE_MODULES = YES;
				CLANG_ENABLE_OBJC_ARC = YES;
				CLANG_WARN_BOOL_CONVERSION = YES;
				CLANG_WARN_CONSTANT_CONVERSION = YES;
				CLANG_WARN_DIRECT_OBJC_ISA_USAGE = YES_ERROR;
				CLANG_WARN_EMPTY_BODY = YES;
				CLANG_WARN_ENUM_CONVERSION = YES;
				CLANG_WARN_INT_CONVERSION = YES;
				CLANG_WARN_OBJC_ROOT_CLASS = YES_ERROR;
				CLANG_WARN_UNREACHABLE_CODE = YES;
				CLANG_WARN__DUPLICATE_METHOD_MATCH = YES;
				"CODE_SIGN_IDENTITY[sdk=iphoneos*]" = "iPhone Developer";
				COPY_PHASE_STRIP = NO;
				DEBUG_INFORMATION_FORMAT = dwarf;
				ENABLE_STRICT_OBJC_MSGSEND = YES;
				ENABLE_TESTABILITY = YES;
				GCC_C_LANGUAGE_STANDARD = gnu99;
				GCC_DYNAMIC_NO_PIC = NO;
				GCC_NO_COMMON_BLOCKS = YES;
				GCC_OPTIMIZATION_LEVEL = 0;
				GCC_PREPROCESSOR_DEFINITIONS = (
					"DEBUG=1",
					"$(inherited)",
				);
				GCC_WARN_64_TO_32_BIT_CONVERSION = YES;
				GCC_WARN_ABOUT_RETURN_TYPE = YES_ERROR;
				GCC_WARN_UNDECLARED_SELECTOR = YES;
				GCC_WARN_UNINITIALIZED_AUTOS = YES_AGGRESSIVE;
				GCC_WARN_UNUSED_FUNCTION = YES;
				GCC_WARN_UNUSED_VARIABLE = YES;
				IPHONEOS_DEPLOYMENT_TARGET = 9.2;
				MTL_ENABLE_DEBUG_INFO = YES;
				ONLY_ACTIVE_ARCH = YES;
				SDKROOT = iphoneos;
				SWIFT_OPTIMIZATION_LEVEL = "-Onone";
			};
			name = Debug;
		};
		797E92471C545BAC0004602C /* Release */ = {
			isa = XCBuildConfiguration;
			buildSettings = {
				ALWAYS_SEARCH_USER_PATHS = NO;
				CLANG_CXX_LANGUAGE_STANDARD = "gnu++0x";
				CLANG_CXX_LIBRARY = "libc++";
				CLANG_ENABLE_MODULES = YES;
				CLANG_ENABLE_OBJC_ARC = YES;
				CLANG_WARN_BOOL_CONVERSION = YES;
				CLANG_WARN_CONSTANT_CONVERSION = YES;
				CLANG_WARN_DIRECT_OBJC_ISA_USAGE = YES_ERROR;
				CLANG_WARN_EMPTY_BODY = YES;
				CLANG_WARN_ENUM_CONVERSION = YES;
				CLANG_WARN_INT_CONVERSION = YES;
				CLANG_WARN_OBJC_ROOT_CLASS = YES_ERROR;
				CLANG_WARN_UNREACHABLE_CODE = YES;
				CLANG_WARN__DUPLICATE_METHOD_MATCH = YES;
				"CODE_SIGN_IDENTITY[sdk=iphoneos*]" = "iPhone Developer";
				COPY_PHASE_STRIP = NO;
				DEBUG_INFORMATION_FORMAT = "dwarf-with-dsym";
				ENABLE_NS_ASSERTIONS = NO;
				ENABLE_STRICT_OBJC_MSGSEND = YES;
				GCC_C_LANGUAGE_STANDARD = gnu99;
				GCC_NO_COMMON_BLOCKS = YES;
				GCC_WARN_64_TO_32_BIT_CONVERSION = YES;
				GCC_WARN_ABOUT_RETURN_TYPE = YES_ERROR;
				GCC_WARN_UNDECLARED_SELECTOR = YES;
				GCC_WARN_UNINITIALIZED_AUTOS = YES_AGGRESSIVE;
				GCC_WARN_UNUSED_FUNCTION = YES;
				GCC_WARN_UNUSED_VARIABLE = YES;
				IPHONEOS_DEPLOYMENT_TARGET = 9.2;
				MTL_ENABLE_DEBUG_INFO = NO;
				SDKROOT = iphoneos;
				VALIDATE_PRODUCT = YES;
			};
			name = Release;
		};
		797E92491C545BAC0004602C /* Debug */ = {
			isa = XCBuildConfiguration;
			buildSettings = {
				ASSETCATALOG_COMPILER_APPICON_NAME = AppIcon;
				INFOPLIST_FILE = pateluCalculator/Info.plist;
				LD_RUNPATH_SEARCH_PATHS = "$(inherited) @executable_path/Frameworks";
				PRODUCT_BUNDLE_IDENTIFIER = edu.depaul.csc471.pateluCalculator;
				PRODUCT_NAME = "$(TARGET_NAME)";
			};
			name = Debug;
		};
		797E924A1C545BAC0004602C /* Release */ = {
			isa = XCBuildConfiguration;
			buildSettings = {
				ASSETCATALOG_COMPILER_APPICON_NAME = AppIcon;
				INFOPLIST_FILE = pateluCalculator/Info.plist;
				LD_RUNPATH_SEARCH_PATHS = "$(inherited) @executable_path/Frameworks";
				PRODUCT_BUNDLE_IDENTIFIER = edu.depaul.csc471.pateluCalculator;
				PRODUCT_NAME = "$(TARGET_NAME)";
			};
			name = Release;
		};
		797E924C1C545BAC0004602C /* Debug */ = {
			isa = XCBuildConfiguration;
			buildSettings = {
				BUNDLE_LOADER = "$(TEST_HOST)";
				INFOPLIST_FILE = pateluCalculatorTests/Info.plist;
				LD_RUNPATH_SEARCH_PATHS = "$(inherited) @executable_path/Frameworks @loader_path/Frameworks";
				PRODUCT_BUNDLE_IDENTIFIER = edu.depaul.csc471.pateluCalculatorTests;
				PRODUCT_NAME = "$(TARGET_NAME)";
				TEST_HOST = "$(BUILT_PRODUCTS_DIR)/pateluCalculator.app/pateluCalculator";
			};
			name = Debug;
		};
		797E924D1C545BAC0004602C /* Release */ = {
			isa = XCBuildConfiguration;
			buildSettings = {
				BUNDLE_LOADER = "$(TEST_HOST)";
				INFOPLIST_FILE = pateluCalculatorTests/Info.plist;
				LD_RUNPATH_SEARCH_PATHS = "$(inherited) @executable_path/Frameworks @loader_path/Frameworks";
				PRODUCT_BUNDLE_IDENTIFIER = edu.depaul.csc471.pateluCalculatorTests;
				PRODUCT_NAME = "$(TARGET_NAME)";
				TEST_HOST = "$(BUILT_PRODUCTS_DIR)/pateluCalculator.app/pateluCalculator";
			};
			name = Release;
		};
		797E924F1C545BAC0004602C /* Debug */ = {
			isa = XCBuildConfiguration;
			buildSettings = {
				INFOPLIST_FILE = pateluCalculatorUITests/Info.plist;
				LD_RUNPATH_SEARCH_PATHS = "$(inherited) @executable_path/Frameworks @loader_path/Frameworks";
				PRODUCT_BUNDLE_IDENTIFIER = edu.depaul.csc471.pateluCalculatorUITests;
				PRODUCT_NAME = "$(TARGET_NAME)";
				TEST_TARGET_NAME = pateluCalculator;
				USES_XCTRUNNER = YES;
			};
			name = Debug;
		};
		797E92501C545BAC0004602C /* Release */ = {
			isa = XCBuildConfiguration;
			buildSettings = {
				INFOPLIST_FILE = pateluCalculatorUITests/Info.plist;
				LD_RUNPATH_SEARCH_PATHS = "$(inherited) @executable_path/Frameworks @loader_path/Frameworks";
				PRODUCT_BUNDLE_IDENTIFIER = edu.depaul.csc471.pateluCalculatorUITests;
				PRODUCT_NAME = "$(TARGET_NAME)";
				TEST_TARGET_NAME = pateluCalculator;
				USES_XCTRUNNER = YES;
			};
			name = Release;
		};
/* End XCBuildConfiguration section */

/* Begin XCConfigurationList section */
		797E921B1C545BAC0004602C /* Build configuration list for PBXProject "pateluCalculator" */ = {
			isa = XCConfigurationList;
			buildConfigurations = (
				797E92461C545BAC0004602C /* Debug */,
				797E92471C545BAC0004602C /* Release */,
			);
			defaultConfigurationIsVisible = 0;
			defaultConfigurationName = Release;
		};
		797E92481C545BAC0004602C /* Build configuration list for PBXNativeTarget "pateluCalculator" */ = {
			isa = XCConfigurationList;
			buildConfigurations = (
				797E92491C545BAC0004602C /* Debug */,
				797E924A1C545BAC0004602C /* Release */,
			);
			defaultConfigurationIsVisible = 0;
		};
		797E924B1C545BAC0004602C /* Build configuration list for PBXNativeTarget "pateluCalculatorTests" */ = {
			isa = XCConfigurationList;
			buildConfigurations = (
				797E924C1C545BAC0004602C /* Debug */,
				797E924D1C545BAC0004602C /* Release */,
			);
			defaultConfigurationIsVisible = 0;
		};
		797E924E1C545BAC0004602C /* Build configuration list for PBXNativeTarget "pateluCalculatorUITests" */ = {
			isa = XCConfigurationList;
			buildConfigurations = (
				797E924F1C545BAC0004602C /* Debug */,
				797E92501C545BAC0004602C /* Release */,
			);
			defaultConfigurationIsVisible = 0;
		};
/* End XCConfigurationList section */
	};
	rootObject = 797E92181C545BAC0004602C /* Project object */;
}
